// !$*UTF8*$!
{
	archiveVersion = 1;
	classes = {
	};
	objectVersion = 56;
	objects = {

/* Begin PBXBuildFile section */
		C3CD656F2AE591C70090B19C /* KitchenTimerApp.swift in Sources */ = {isa = PBXBuildFile; fileRef = C3CD656E2AE591C70090B19C /* KitchenTimerApp.swift */; };
		C3CD65712AE591C70090B19C /* ContentView.swift in Sources */ = {isa = PBXBuildFile; fileRef = C3CD65702AE591C70090B19C /* ContentView.swift */; };
		C3CD65732AE591CB0090B19C /* Assets.xcassets in Resources */ = {isa = PBXBuildFile; fileRef = C3CD65722AE591CB0090B19C /* Assets.xcassets */; };
		C3CD65762AE591CB0090B19C /* Preview Assets.xcassets in Resources */ = {isa = PBXBuildFile; fileRef = C3CD65752AE591CB0090B19C /* Preview Assets.xcassets */; };
		C3CD65802AE591CC0090B19C /* KitchenTimerTests.swift in Sources */ = {isa = PBXBuildFile; fileRef = C3CD657F2AE591CC0090B19C /* KitchenTimerTests.swift */; };
		C3CD658A2AE591CC0090B19C /* KitchenTimerUITests.swift in Sources */ = {isa = PBXBuildFile; fileRef = C3CD65892AE591CC0090B19C /* KitchenTimerUITests.swift */; };
		C3CD658C2AE591CC0090B19C /* KitchenTimerUITestsLaunchTests.swift in Sources */ = {isa = PBXBuildFile; fileRef = C3CD658B2AE591CC0090B19C /* KitchenTimerUITestsLaunchTests.swift */; };
/* End PBXBuildFile section */

/* Begin PBXContainerItemProxy section */
		C3CD657C2AE591CC0090B19C /* PBXContainerItemProxy */ = {
			isa = PBXContainerItemProxy;
			containerPortal = C3CD65632AE591C70090B19C /* Project object */;
			proxyType = 1;
			remoteGlobalIDString = C3CD656A2AE591C70090B19C;
			remoteInfo = KitchenTimer;
		};
		C3CD65862AE591CC0090B19C /* PBXContainerItemProxy */ = {
			isa = PBXContainerItemProxy;
			containerPortal = C3CD65632AE591C70090B19C /* Project object */;
			proxyType = 1;
			remoteGlobalIDString = C3CD656A2AE591C70090B19C;
			remoteInfo = KitchenTimer;
		};
/* End PBXContainerItemProxy section */

/* Begin PBXFileReference section */
		C3CD656B2AE591C70090B19C /* KitchenTimer.app */ = {isa = PBXFileReference; explicitFileType = wrapper.application; includeInIndex = 0; path = KitchenTimer.app; sourceTree = BUILT_PRODUCTS_DIR; };
		C3CD656E2AE591C70090B19C /* KitchenTimerApp.swift */ = {isa = PBXFileReference; lastKnownFileType = sourcecode.swift; path = KitchenTimerApp.swift; sourceTree = "<group>"; };
		C3CD65702AE591C70090B19C /* ContentView.swift */ = {isa = PBXFileReference; lastKnownFileType = sourcecode.swift; path = ContentView.swift; sourceTree = "<group>"; };
		C3CD65722AE591CB0090B19C /* Assets.xcassets */ = {isa = PBXFileReference; lastKnownFileType = folder.assetcatalog; path = Assets.xcassets; sourceTree = "<group>"; };
		C3CD65752AE591CB0090B19C /* Preview Assets.xcassets */ = {isa = PBXFileReference; lastKnownFileType = folder.assetcatalog; path = "Preview Assets.xcassets"; sourceTree = "<group>"; };
		C3CD657B2AE591CC0090B19C /* KitchenTimerTests.xctest */ = {isa = PBXFileReference; explicitFileType = wrapper.cfbundle; includeInIndex = 0; path = KitchenTimerTests.xctest; sourceTree = BUILT_PRODUCTS_DIR; };
		C3CD657F2AE591CC0090B19C /* KitchenTimerTests.swift */ = {isa = PBXFileReference; lastKnownFileType = sourcecode.swift; path = KitchenTimerTests.swift; sourceTree = "<group>"; };
		C3CD65852AE591CC0090B19C /* KitchenTimerUITests.xctest */ = {isa = PBXFileReference; explicitFileType = wrapper.cfbundle; includeInIndex = 0; path = KitchenTimerUITests.xctest; sourceTree = BUILT_PRODUCTS_DIR; };
		C3CD65892AE591CC0090B19C /* KitchenTimerUITests.swift */ = {isa = PBXFileReference; lastKnownFileType = sourcecode.swift; path = KitchenTimerUITests.swift; sourceTree = "<group>"; };
		C3CD658B2AE591CC0090B19C /* KitchenTimerUITestsLaunchTests.swift */ = {isa = PBXFileReference; lastKnownFileType = sourcecode.swift; path = KitchenTimerUITestsLaunchTests.swift; sourceTree = "<group>"; };
/* End PBXFileReference section */

/* Begin PBXFrameworksBuildPhase section */
		C3CD65682AE591C70090B19C /* Frameworks */ = {
			isa = PBXFrameworksBuildPhase;
			buildActionMask = 2147483647;
			files = (
			);
			runOnlyForDeploymentPostprocessing = 0;
		};
		C3CD65782AE591CC0090B19C /* Frameworks */ = {
			isa = PBXFrameworksBuildPhase;
			buildActionMask = 2147483647;
			files = (
			);
			runOnlyForDeploymentPostprocessing = 0;
		};
		C3CD65822AE591CC0090B19C /* Frameworks */ = {
			isa = PBXFrameworksBuildPhase;
			buildActionMask = 2147483647;
			files = (
			);
			runOnlyForDeploymentPostprocessing = 0;
		};
/* End PBXFrameworksBuildPhase section */

/* Begin PBXGroup section */
		C3CD65622AE591C70090B19C = {
			isa = PBXGroup;
			children = (
				C3CD656D2AE591C70090B19C /* KitchenTimer */,
				C3CD657E2AE591CC0090B19C /* KitchenTimerTests */,
				C3CD65882AE591CC0090B19C /* KitchenTimerUITests */,
				C3CD656C2AE591C70090B19C /* Products */,
			);
			sourceTree = "<group>";
		};
		C3CD656C2AE591C70090B19C /* Products */ = {
			isa = PBXGroup;
			children = (
				C3CD656B2AE591C70090B19C /* KitchenTimer.app */,
				C3CD657B2AE591CC0090B19C /* KitchenTimerTests.xctest */,
				C3CD65852AE591CC0090B19C /* KitchenTimerUITests.xctest */,
			);
			name = Products;
			sourceTree = "<group>";
		};
		C3CD656D2AE591C70090B19C /* KitchenTimer */ = {
			isa = PBXGroup;
			children = (
				C3CD656E2AE591C70090B19C /* KitchenTimerApp.swift */,
				C3CD65702AE591C70090B19C /* ContentView.swift */,
				C3CD65722AE591CB0090B19C /* Assets.xcassets */,
				C3CD65742AE591CB0090B19C /* Preview Content */,
			);
			path = KitchenTimer;
			sourceTree = "<group>";
		};
		C3CD65742AE591CB0090B19C /* Preview Content */ = {
			isa = PBXGroup;
			children = (
				C3CD65752AE591CB0090B19C /* Preview Assets.xcassets */,
			);
			path = "Preview Content";
			sourceTree = "<group>";
		};
		C3CD657E2AE591CC0090B19C /* KitchenTimerTests */ = {
			isa = PBXGroup;
			children = (
				C3CD657F2AE591CC0090B19C /* KitchenTimerTests.swift */,
			);
			path = KitchenTimerTests;
			sourceTree = "<group>";
		};
		C3CD65882AE591CC0090B19C /* KitchenTimerUITests */ = {
			isa = PBXGroup;
			children = (
				C3CD65892AE591CC0090B19C /* KitchenTimerUITests.swift */,
				C3CD658B2AE591CC0090B19C /* KitchenTimerUITestsLaunchTests.swift */,
			);
			path = KitchenTimerUITests;
			sourceTree = "<group>";
		};
/* End PBXGroup section */

/* Begin PBXNativeTarget section */
		C3CD656A2AE591C70090B19C /* KitchenTimer */ = {
			isa = PBXNativeTarget;
			buildConfigurationList = C3CD658F2AE591CC0090B19C /* Build configuration list for PBXNativeTarget "KitchenTimer" */;
			buildPhases = (
				C3CD65672AE591C70090B19C /* Sources */,
				C3CD65682AE591C70090B19C /* Frameworks */,
				C3CD65692AE591C70090B19C /* Resources */,
			);
			buildRules = (
			);
			dependencies = (
			);
			name = KitchenTimer;
			productName = KitchenTimer;
			productReference = C3CD656B2AE591C70090B19C /* KitchenTimer.app */;
			productType = "com.apple.product-type.application";
		};
		C3CD657A2AE591CC0090B19C /* KitchenTimerTests */ = {
			isa = PBXNativeTarget;
			buildConfigurationList = C3CD65922AE591CC0090B19C /* Build configuration list for PBXNativeTarget "KitchenTimerTests" */;
			buildPhases = (
				C3CD65772AE591CC0090B19C /* Sources */,
				C3CD65782AE591CC0090B19C /* Frameworks */,
				C3CD65792AE591CC0090B19C /* Resources */,
			);
			buildRules = (
			);
			dependencies = (
				C3CD657D2AE591CC0090B19C /* PBXTargetDependency */,
			);
			name = KitchenTimerTests;
			productName = KitchenTimerTests;
			productReference = C3CD657B2AE591CC0090B19C /* KitchenTimerTests.xctest */;
			productType = "com.apple.product-type.bundle.unit-test";
		};
		C3CD65842AE591CC0090B19C /* KitchenTimerUITests */ = {
			isa = PBXNativeTarget;
			buildConfigurationList = C3CD65952AE591CC0090B19C /* Build configuration list for PBXNativeTarget "KitchenTimerUITests" */;
			buildPhases = (
				C3CD65812AE591CC0090B19C /* Sources */,
				C3CD65822AE591CC0090B19C /* Frameworks */,
				C3CD65832AE591CC0090B19C /* Resources */,
			);
			buildRules = (
			);
			dependencies = (
				C3CD65872AE591CC0090B19C /* PBXTargetDependency */,
			);
			name = KitchenTimerUITests;
			productName = KitchenTimerUITests;
			productReference = C3CD65852AE591CC0090B19C /* KitchenTimerUITests.xctest */;
			productType = "com.apple.product-type.bundle.ui-testing";
		};
/* End PBXNativeTarget section */

/* Begin PBXProject section */
		C3CD65632AE591C70090B19C /* Project object */ = {
			isa = PBXProject;
			attributes = {
				BuildIndependentTargetsInParallel = 1;
				LastSwiftUpdateCheck = 1500;
				LastUpgradeCheck = 1500;
				TargetAttributes = {
					C3CD656A2AE591C70090B19C = {
						CreatedOnToolsVersion = 15.0;
					};
					C3CD657A2AE591CC0090B19C = {
						CreatedOnToolsVersion = 15.0;
						TestTargetID = C3CD656A2AE591C70090B19C;
					};
					C3CD65842AE591CC0090B19C = {
						CreatedOnToolsVersion = 15.0;
						TestTargetID = C3CD656A2AE591C70090B19C;
					};
				};
			};
			buildConfigurationList = C3CD65662AE591C70090B19C /* Build configuration list for PBXProject "KitchenTimer" */;
			compatibilityVersion = "Xcode 14.0";
			developmentRegion = en;
			hasScannedForEncodings = 0;
			knownRegions = (
				en,
				Base,
			);
			mainGroup = C3CD65622AE591C70090B19C;
			productRefGroup = C3CD656C2AE591C70090B19C /* Products */;
			projectDirPath = "";
			projectRoot = "";
			targets = (
				C3CD656A2AE591C70090B19C /* KitchenTimer */,
				C3CD657A2AE591CC0090B19C /* KitchenTimerTests */,
				C3CD65842AE591CC0090B19C /* KitchenTimerUITests */,
			);
		};
/* End PBXProject section */

/* Begin PBXResourcesBuildPhase section */
		C3CD65692AE591C70090B19C /* Resources */ = {
			isa = PBXResourcesBuildPhase;
			buildActionMask = 2147483647;
			files = (
				C3CD65762AE591CB0090B19C /* Preview Assets.xcassets in Resources */,
				C3CD65732AE591CB0090B19C /* Assets.xcassets in Resources */,
			);
			runOnlyForDeploymentPostprocessing = 0;
		};
		C3CD65792AE591CC0090B19C /* Resources */ = {
			isa = PBXResourcesBuildPhase;
			buildActionMask = 2147483647;
			files = (
			);
			runOnlyForDeploymentPostprocessing = 0;
		};
		C3CD65832AE591CC0090B19C /* Resources */ = {
			isa = PBXResourcesBuildPhase;
			buildActionMask = 2147483647;
			files = (
			);
			runOnlyForDeploymentPostprocessing = 0;
		};
/* End PBXResourcesBuildPhase section */

/* Begin PBXSourcesBuildPhase section */
		C3CD65672AE591C70090B19C /* Sources */ = {
			isa = PBXSourcesBuildPhase;
			buildActionMask = 2147483647;
			files = (
				C3CD65712AE591C70090B19C /* ContentView.swift in Sources */,
				C3CD656F2AE591C70090B19C /* KitchenTimerApp.swift in Sources */,
			);
			runOnlyForDeploymentPostprocessing = 0;
		};
		C3CD65772AE591CC0090B19C /* Sources */ = {
			isa = PBXSourcesBuildPhase;
			buildActionMask = 2147483647;
			files = (
				C3CD65802AE591CC0090B19C /* KitchenTimerTests.swift in Sources */,
			);
			runOnlyForDeploymentPostprocessing = 0;
		};
		C3CD65812AE591CC0090B19C /* Sources */ = {
			isa = PBXSourcesBuildPhase;
			buildActionMask = 2147483647;
			files = (
				C3CD658A2AE591CC0090B19C /* KitchenTimerUITests.swift in Sources */,
				C3CD658C2AE591CC0090B19C /* KitchenTimerUITestsLaunchTests.swift in Sources */,
			);
			runOnlyForDeploymentPostprocessing = 0;
		};
/* End PBXSourcesBuildPhase section */

/* Begin PBXTargetDependency section */
		C3CD657D2AE591CC0090B19C /* PBXTargetDependency */ = {
			isa = PBXTargetDependency;
			target = C3CD656A2AE591C70090B19C /* KitchenTimer */;
			targetProxy = C3CD657C2AE591CC0090B19C /* PBXContainerItemProxy */;
		};
		C3CD65872AE591CC0090B19C /* PBXTargetDependency */ = {
			isa = PBXTargetDependency;
			target = C3CD656A2AE591C70090B19C /* KitchenTimer */;
			targetProxy = C3CD65862AE591CC0090B19C /* PBXContainerItemProxy */;
		};
/* End PBXTargetDependency section */

/* Begin XCBuildConfiguration section */
		C3CD658D2AE591CC0090B19C /* Debug */ = {
			isa = XCBuildConfiguration;
			buildSettings = {
				ALWAYS_SEARCH_USER_PATHS = NO;
				ASSETCATALOG_COMPILER_GENERATE_SWIFT_ASSET_SYMBOL_EXTENSIONS = YES;
				CLANG_ANALYZER_NONNULL = YES;
				CLANG_ANALYZER_NUMBER_OBJECT_CONVERSION = YES_AGGRESSIVE;
				CLANG_CXX_LANGUAGE_STANDARD = "gnu++20";
				CLANG_ENABLE_MODULES = YES;
				CLANG_ENABLE_OBJC_ARC = YES;
				CLANG_ENABLE_OBJC_WEAK = YES;
				CLANG_WARN_BLOCK_CAPTURE_AUTORELEASING = YES;
				CLANG_WARN_BOOL_CONVERSION = YES;
				CLANG_WARN_COMMA = YES;
				CLANG_WARN_CONSTANT_CONVERSION = YES;
				CLANG_WARN_DEPRECATED_OBJC_IMPLEMENTATIONS = YES;
				CLANG_WARN_DIRECT_OBJC_ISA_USAGE = YES_ERROR;
				CLANG_WARN_DOCUMENTATION_COMMENTS = YES;
				CLANG_WARN_EMPTY_BODY = YES;
				CLANG_WARN_ENUM_CONVERSION = YES;
				CLANG_WARN_INFINITE_RECURSION = YES;
				CLANG_WARN_INT_CONVERSION = YES;
				CLANG_WARN_NON_LITERAL_NULL_CONVERSION = YES;
				CLANG_WARN_OBJC_IMPLICIT_RETAIN_SELF = YES;
				CLANG_WARN_OBJC_LITERAL_CONVERSION = YES;
				CLANG_WARN_OBJC_ROOT_CLASS = YES_ERROR;
				CLANG_WARN_QUOTED_INCLUDE_IN_FRAMEWORK_HEADER = YES;
				CLANG_WARN_RANGE_LOOP_ANALYSIS = YES;
				CLANG_WARN_STRICT_PROTOTYPES = YES;
				CLANG_WARN_SUSPICIOUS_MOVE = YES;
				CLANG_WARN_UNGUARDED_AVAILABILITY = YES_AGGRESSIVE;
				CLANG_WARN_UNREACHABLE_CODE = YES;
				CLANG_WARN__DUPLICATE_METHOD_MATCH = YES;
				COPY_PHASE_STRIP = NO;
				DEBUG_INFORMATION_FORMAT = dwarf;
				ENABLE_STRICT_OBJC_MSGSEND = YES;
				ENABLE_TESTABILITY = YES;
				ENABLE_USER_SCRIPT_SANDBOXING = YES;
				GCC_C_LANGUAGE_STANDARD = gnu17;
				GCC_DYNAMIC_NO_PIC = NO;
				GCC_NO_COMMON_BLOCKS = YES;
				GCC_OPTIMIZATION_LEVEL = 0;
				GCC_PREPROCESSOR_DEFINITIONS = (
					"DEBUG=1",
					"$(inherited)",
				);
				GCC_WARN_64_TO_32_BIT_CONVERSION = YES;
				GCC_WARN_ABOUT_RETURN_TYPE = YES_ERROR;
				GCC_WARN_UNDECLARED_SELECTOR = YES;
				GCC_WARN_UNINITIALIZED_AUTOS = YES_AGGRESSIVE;
				GCC_WARN_UNUSED_FUNCTION = YES;
				GCC_WARN_UNUSED_VARIABLE = YES;
				IPHONEOS_DEPLOYMENT_TARGET = 17.0;
				LOCALIZATION_PREFERS_STRING_CATALOGS = YES;
				MTL_ENABLE_DEBUG_INFO = INCLUDE_SOURCE;
				MTL_FAST_MATH = YES;
				ONLY_ACTIVE_ARCH = YES;
				SDKROOT = iphoneos;
				SWIFT_ACTIVE_COMPILATION_CONDITIONS = "DEBUG $(inherited)";
				SWIFT_OPTIMIZATION_LEVEL = "-Onone";
			};
			name = Debug;
		};
		C3CD658E2AE591CC0090B19C /* Release */ = {
			isa = XCBuildConfiguration;
			buildSettings = {
				ALWAYS_SEARCH_USER_PATHS = NO;
				ASSETCATALOG_COMPILER_GENERATE_SWIFT_ASSET_SYMBOL_EXTENSIONS = YES;
				CLANG_ANALYZER_NONNULL = YES;
				CLANG_ANALYZER_NUMBER_OBJECT_CONVERSION = YES_AGGRESSIVE;
				CLANG_CXX_LANGUAGE_STANDARD = "gnu++20";
				CLANG_ENABLE_MODULES = YES;
				CLANG_ENABLE_OBJC_ARC = YES;
				CLANG_ENABLE_OBJC_WEAK = YES;
				CLANG_WARN_BLOCK_CAPTURE_AUTORELEASING = YES;
				CLANG_WARN_BOOL_CONVERSION = YES;
				CLANG_WARN_COMMA = YES;
				CLANG_WARN_CONSTANT_CONVERSION = YES;
				CLANG_WARN_DEPRECATED_OBJC_IMPLEMENTATIONS = YES;
				CLANG_WARN_DIRECT_OBJC_ISA_USAGE = YES_ERROR;
				CLANG_WARN_DOCUMENTATION_COMMENTS = YES;
				CLANG_WARN_EMPTY_BODY = YES;
				CLANG_WARN_ENUM_CONVERSION = YES;
				CLANG_WARN_INFINITE_RECURSION = YES;
				CLANG_WARN_INT_CONVERSION = YES;
				CLANG_WARN_NON_LITERAL_NULL_CONVERSION = YES;
				CLANG_WARN_OBJC_IMPLICIT_RETAIN_SELF = YES;
				CLANG_WARN_OBJC_LITERAL_CONVERSION = YES;
				CLANG_WARN_OBJC_ROOT_CLASS = YES_ERROR;
				CLANG_WARN_QUOTED_INCLUDE_IN_FRAMEWORK_HEADER = YES;
				CLANG_WARN_RANGE_LOOP_ANALYSIS = YES;
				CLANG_WARN_STRICT_PROTOTYPES = YES;
				CLANG_WARN_SUSPICIOUS_MOVE = YES;
				CLANG_WARN_UNGUARDED_AVAILABILITY = YES_AGGRESSIVE;
				CLANG_WARN_UNREACHABLE_CODE = YES;
				CLANG_WARN__DUPLICATE_METHOD_MATCH = YES;
				COPY_PHASE_STRIP = NO;
				DEBUG_INFORMATION_FORMAT = "dwarf-with-dsym";
				ENABLE_NS_ASSERTIONS = NO;
				ENABLE_STRICT_OBJC_MSGSEND = YES;
				ENABLE_USER_SCRIPT_SANDBOXING = YES;
				GCC_C_LANGUAGE_STANDARD = gnu17;
				GCC_NO_COMMON_BLOCKS = YES;
				GCC_WARN_64_TO_32_BIT_CONVERSION = YES;
				GCC_WARN_ABOUT_RETURN_TYPE = YES_ERROR;
				GCC_WARN_UNDECLARED_SELECTOR = YES;
				GCC_WARN_UNINITIALIZED_AUTOS = YES_AGGRESSIVE;
				GCC_WARN_UNUSED_FUNCTION = YES;
				GCC_WARN_UNUSED_VARIABLE = YES;
				IPHONEOS_DEPLOYMENT_TARGET = 17.0;
				LOCALIZATION_PREFERS_STRING_CATALOGS = YES;
				MTL_ENABLE_DEBUG_INFO = NO;
				MTL_FAST_MATH = YES;
				SDKROOT = iphoneos;
				SWIFT_COMPILATION_MODE = wholemodule;
				VALIDATE_PRODUCT = YES;
			};
			name = Release;
		};
		C3CD65902AE591CC0090B19C /* Debug */ = {
			isa = XCBuildConfiguration;
			buildSettings = {
				ASSETCATALOG_COMPILER_APPICON_NAME = AppIcon;
				ASSETCATALOG_COMPILER_GLOBAL_ACCENT_COLOR_NAME = AccentColor;
				CODE_SIGN_STYLE = Automatic;
				CURRENT_PROJECT_VERSION = 1;
				DEVELOPMENT_ASSET_PATHS = "\"KitchenTimer/Preview Content\"";
				DEVELOPMENT_TEAM = RD3CFK5ED5;
				ENABLE_PREVIEWS = YES;
				GENERATE_INFOPLIST_FILE = YES;
				INFOPLIST_KEY_UIApplicationSceneManifest_Generation = YES;
				INFOPLIST_KEY_UIApplicationSupportsIndirectInputEvents = YES;
				INFOPLIST_KEY_UILaunchScreen_Generation = YES;
				INFOPLIST_KEY_UISupportedInterfaceOrientations_iPad = "UIInterfaceOrientationPortrait UIInterfaceOrientationPortraitUpsideDown UIInterfaceOrientationLandscapeLeft UIInterfaceOrientationLandscapeRight";
				INFOPLIST_KEY_UISupportedInterfaceOrientations_iPhone = "UIInterfaceOrientationPortrait UIInterfaceOrientationLandscapeLeft UIInterfaceOrientationLandscapeRight";
				LD_RUNPATH_SEARCH_PATHS = (
					"$(inherited)",
					"@executable_path/Frameworks",
				);
				MARKETING_VERSION = 1.0;
				PRODUCT_BUNDLE_IDENTIFIER = carlchung.KitchenTimer;
				PRODUCT_NAME = "$(TARGET_NAME)";
				SWIFT_EMIT_LOC_STRINGS = YES;
				SWIFT_VERSION = 5.0;
				TARGETED_DEVICE_FAMILY = "1,2";
			};
			name = Debug;
		};
		C3CD65912AE591CC0090B19C /* Release */ = {
			isa = XCBuildConfiguration;
			buildSettings = {
				ASSETCATALOG_COMPILER_APPICON_NAME = AppIcon;
				ASSETCATALOG_COMPILER_GLOBAL_ACCENT_COLOR_NAME = AccentColor;
				CODE_SIGN_STYLE = Automatic;
				CURRENT_PROJECT_VERSION = 1;
				DEVELOPMENT_ASSET_PATHS = "\"KitchenTimer/Preview Content\"";
				DEVELOPMENT_TEAM = RD3CFK5ED5;
				ENABLE_PREVIEWS = YES;
				GENERATE_INFOPLIST_FILE = YES;
				INFOPLIST_KEY_UIApplicationSceneManifest_Generation = YES;
				INFOPLIST_KEY_UIApplicationSupportsIndirectInputEvents = YES;
				INFOPLIST_KEY_UILaunchScreen_Generation = YES;
				INFOPLIST_KEY_UISupportedInterfaceOrientations_iPad = "UIInterfaceOrientationPortrait UIInterfaceOrientationPortraitUpsideDown UIInterfaceOrientationLandscapeLeft UIInterfaceOrientationLandscapeRight";
				INFOPLIST_KEY_UISupportedInterfaceOrientations_iPhone = "UIInterfaceOrientationPortrait UIInterfaceOrientationLandscapeLeft UIInterfaceOrientationLandscapeRight";
				LD_RUNPATH_SEARCH_PATHS = (
					"$(inherited)",
					"@executable_path/Frameworks",
				);
				MARKETING_VERSION = 1.0;
				PRODUCT_BUNDLE_IDENTIFIER = carlchung.KitchenTimer;
				PRODUCT_NAME = "$(TARGET_NAME)";
				SWIFT_EMIT_LOC_STRINGS = YES;
				SWIFT_VERSION = 5.0;
				TARGETED_DEVICE_FAMILY = "1,2";
			};
			name = Release;
		};
		C3CD65932AE591CC0090B19C /* Debug */ = {
			isa = XCBuildConfiguration;
			buildSettings = {
				ALWAYS_EMBED_SWIFT_STANDARD_LIBRARIES = YES;
				BUNDLE_LOADER = "$(TEST_HOST)";
				CODE_SIGN_STYLE = Automatic;
				CURRENT_PROJECT_VERSION = 1;
				DEVELOPMENT_TEAM = RD3CFK5ED5;
				GENERATE_INFOPLIST_FILE = YES;
				IPHONEOS_DEPLOYMENT_TARGET = 17.0;
				MARKETING_VERSION = 1.0;
				PRODUCT_BUNDLE_IDENTIFIER = carlchung.KitchenTimerTests;
				PRODUCT_NAME = "$(TARGET_NAME)";
				SWIFT_EMIT_LOC_STRINGS = NO;
				SWIFT_VERSION = 5.0;
				TARGETED_DEVICE_FAMILY = "1,2";
				TEST_HOST = "$(BUILT_PRODUCTS_DIR)/KitchenTimer.app/$(BUNDLE_EXECUTABLE_FOLDER_PATH)/KitchenTimer";
			};
			name = Debug;
		};
		C3CD65942AE591CC0090B19C /* Release */ = {
			isa = XCBuildConfiguration;
			buildSettings = {
				ALWAYS_EMBED_SWIFT_STANDARD_LIBRARIES = YES;
				BUNDLE_LOADER = "$(TEST_HOST)";
				CODE_SIGN_STYLE = Automatic;
				CURRENT_PROJECT_VERSION = 1;
				DEVELOPMENT_TEAM = RD3CFK5ED5;
				GENERATE_INFOPLIST_FILE = YES;
				IPHONEOS_DEPLOYMENT_TARGET = 17.0;
				MARKETING_VERSION = 1.0;
				PRODUCT_BUNDLE_IDENTIFIER = carlchung.KitchenTimerTests;
				PRODUCT_NAME = "$(TARGET_NAME)";
				SWIFT_EMIT_LOC_STRINGS = NO;
				SWIFT_VERSION = 5.0;
				TARGETED_DEVICE_FAMILY = "1,2";
				TEST_HOST = "$(BUILT_PRODUCTS_DIR)/KitchenTimer.app/$(BUNDLE_EXECUTABLE_FOLDER_PATH)/KitchenTimer";
			};
			name = Release;
		};
		C3CD65962AE591CC0090B19C /* Debug */ = {
			isa = XCBuildConfiguration;
			buildSettings = {
				ALWAYS_EMBED_SWIFT_STANDARD_LIBRARIES = YES;
				CODE_SIGN_STYLE = Automatic;
				CURRENT_PROJECT_VERSION = 1;
				DEVELOPMENT_TEAM = RD3CFK5ED5;
				GENERATE_INFOPLIST_FILE = YES;
				MARKETING_VERSION = 1.0;
				PRODUCT_BUNDLE_IDENTIFIER = carlchung.KitchenTimerUITests;
				PRODUCT_NAME = "$(TARGET_NAME)";
				SWIFT_EMIT_LOC_STRINGS = NO;
				SWIFT_VERSION = 5.0;
				TARGETED_DEVICE_FAMILY = "1,2";
				TEST_TARGET_NAME = KitchenTimer;
			};
			name = Debug;
		};
		C3CD65972AE591CC0090B19C /* Release */ = {
			isa = XCBuildConfiguration;
			buildSettings = {
				ALWAYS_EMBED_SWIFT_STANDARD_LIBRARIES = YES;
				CODE_SIGN_STYLE = Automatic;
				CURRENT_PROJECT_VERSION = 1;
				DEVELOPMENT_TEAM = RD3CFK5ED5;
				GENERATE_INFOPLIST_FILE = YES;
				MARKETING_VERSION = 1.0;
				PRODUCT_BUNDLE_IDENTIFIER = carlchung.KitchenTimerUITests;
				PRODUCT_NAME = "$(TARGET_NAME)";
				SWIFT_EMIT_LOC_STRINGS = NO;
				SWIFT_VERSION = 5.0;
				TARGETED_DEVICE_FAMILY = "1,2";
				TEST_TARGET_NAME = KitchenTimer;
			};
			name = Release;
		};
/* End XCBuildConfiguration section */

/* Begin XCConfigurationList section */
		C3CD65662AE591C70090B19C /* Build configuration list for PBXProject "KitchenTimer" */ = {
			isa = XCConfigurationList;
			buildConfigurations = (
				C3CD658D2AE591CC0090B19C /* Debug */,
				C3CD658E2AE591CC0090B19C /* Release */,
			);
			defaultConfigurationIsVisible = 0;
			defaultConfigurationName = Release;
		};
		C3CD658F2AE591CC0090B19C /* Build configuration list for PBXNativeTarget "KitchenTimer" */ = {
			isa = XCConfigurationList;
			buildConfigurations = (
				C3CD65902AE591CC0090B19C /* Debug */,
				C3CD65912AE591CC0090B19C /* Release */,
			);
			defaultConfigurationIsVisible = 0;
			defaultConfigurationName = Release;
		};
		C3CD65922AE591CC0090B19C /* Build configuration list for PBXNativeTarget "KitchenTimerTests" */ = {
			isa = XCConfigurationList;
			buildConfigurations = (
				C3CD65932AE591CC0090B19C /* Debug */,
				C3CD65942AE591CC0090B19C /* Release */,
			);
			defaultConfigurationIsVisible = 0;
			defaultConfigurationName = Release;
		};
		C3CD65952AE591CC0090B19C /* Build configuration list for PBXNativeTarget "KitchenTimerUITests" */ = {
			isa = XCConfigurationList;
			buildConfigurations = (
				C3CD65962AE591CC0090B19C /* Debug */,
				C3CD65972AE591CC0090B19C /* Release */,
			);
			defaultConfigurationIsVisible = 0;
			defaultConfigurationName = Release;
		};
/* End XCConfigurationList section */
	};
	rootObject = C3CD65632AE591C70090B19C /* Project object */;
}
